
Microsoft Visual Studio Solution File, Format Version 12.00
# Visual Studio Version 17
VisualStudioVersion = 17.4.33205.214
MinimumVisualStudioVersion = 10.0.40219.1
Project("{9A19103F-16F7-4668-BE54-9A1E7A4F7556}") = "ModBuildUtilities", "Yariazen.PlateUp.ModBuildUtilities\ModBuildUtilities.csproj", "{927765CC-6ED4-437F-BE0F-4B5A3A5F1AC2}"
EndProject
Project("{FAE04EC0-301F-11D3-BF4B-00C04F79EFBC}") = "GenerateReferences", "GenerateReferences\GenerateReferences.csproj", "{B9A71335-79D3-4FC7-AA77-CD494D3A17BA}"
EndProject
Global
	GlobalSection(SolutionConfigurationPlatforms) = preSolution
		Debug|Any CPU = Debug|Any CPU
		Release|Any CPU = Release|Any CPU
	EndGlobalSection
	GlobalSection(ProjectConfigurationPlatforms) = postSolution
		{927765CC-6ED4-437F-BE0F-4B5A3A5F1AC2}.Debug|Any CPU.ActiveCfg = Debug|Any CPU
		{927765CC-6ED4-437F-BE0F-4B5A3A5F1AC2}.Debug|Any CPU.Build.0 = Debug|Any CPU
		{927765CC-6ED4-437F-BE0F-4B5A3A5F1AC2}.Release|Any CPU.ActiveCfg = Release|Any CPU
		{927765CC-6ED4-437F-BE0F-4B5A3A5F1AC2}.Release|Any CPU.Build.0 = Release|Any CPU
		{B9A71335-79D3-4FC7-AA77-CD494D3A17BA}.Debug|Any CPU.ActiveCfg = Debug|Any CPU
		{B9A71335-79D3-4FC7-AA77-CD494D3A17BA}.Debug|Any CPU.Build.0 = Debug|Any CPU
		{B9A71335-79D3-4FC7-AA77-CD494D3A17BA}.Release|Any CPU.ActiveCfg = Release|Any CPU
		{B9A71335-79D3-4FC7-AA77-CD494D3A17BA}.Release|Any CPU.Build.0 = Release|Any CPU
	EndGlobalSection
	GlobalSection(SolutionProperties) = preSolution
		HideSolutionNode = FALSE
	EndGlobalSection
	GlobalSection(ExtensibilityGlobals) = postSolution
		SolutionGuid = {F650B3CE-5A9F-466A-ABC2-509DA685F353}
	EndGlobalSection
EndGlobal
